
Microsoft Visual Studio Solution File, Format Version 11.00
# Visual C# Express 2010
Project("{FAE04EC0-301F-11D3-BF4B-00C04F79EFBC}") = "WinDiskSizeEx", "WinDiskSizeEx\WinDiskSizeEx.csproj", "{BAAF10B1-87C1-4C26-A53D-E85894083606}"
EndProject
Global
	GlobalSection(SolutionConfigurationPlatforms) = preSolution
		Debug|x86 = Debug|x86
		Release|x86 = Release|x86
	EndGlobalSection
	GlobalSection(ProjectConfigurationPlatforms) = postSolution
		{BAAF10B1-87C1-4C26-A53D-E85894083606}.Debug|x86.ActiveCfg = Debug|x86
		{BAAF10B1-87C1-4C26-A53D-E85894083606}.Debug|x86.Build.0 = Debug|x86
		{BAAF10B1-87C1-4C26-A53D-E85894083606}.Release|x86.ActiveCfg = Release|x86
		{BAAF10B1-87C1-4C26-A53D-E85894083606}.Release|x86.Build.0 = Release|x86
	EndGlobalSection
	GlobalSection(SolutionProperties) = preSolution
		HideSolutionNode = FALSE
	EndGlobalSection
EndGlobal
